
Microsoft Visual Studio Solution File, Format Version 12.00
# Visual Studio Version 16
VisualStudioVersion = 16.0.28711.60
MinimumVisualStudioVersion = 10.0.40219.1
Project("{FAE04EC0-301F-11D3-BF4B-00C04F79EFBC}") = "ShowTracker", "ShowTracker\ShowTracker.csproj", "{C71893FE-D9D3-48C5-A00D-E81F6A48E315}"
EndProject
Project("{FAE04EC0-301F-11D3-BF4B-00C04F79EFBC}") = "ShowTracker.Tests", "ShowTracker.Tests\ShowTracker.Tests.csproj", "{D1B29018-C274-45BD-90EE-67DA3540D768}"
EndProject
Global
	GlobalSection(SolutionConfigurationPlatforms) = preSolution
		Debug|Any CPU = Debug|Any CPU
		Release|Any CPU = Release|Any CPU
	EndGlobalSection
	GlobalSection(ProjectConfigurationPlatforms) = postSolution
		{C71893FE-D9D3-48C5-A00D-E81F6A48E315}.Debug|Any CPU.ActiveCfg = Debug|Any CPU
		{C71893FE-D9D3-48C5-A00D-E81F6A48E315}.Debug|Any CPU.Build.0 = Debug|Any CPU
		{C71893FE-D9D3-48C5-A00D-E81F6A48E315}.Release|Any CPU.ActiveCfg = Release|Any CPU
		{C71893FE-D9D3-48C5-A00D-E81F6A48E315}.Release|Any CPU.Build.0 = Release|Any CPU
		{D1B29018-C274-45BD-90EE-67DA3540D768}.Debug|Any CPU.ActiveCfg = Debug|Any CPU
		{D1B29018-C274-45BD-90EE-67DA3540D768}.Debug|Any CPU.Build.0 = Debug|Any CPU
		{D1B29018-C274-45BD-90EE-67DA3540D768}.Release|Any CPU.ActiveCfg = Release|Any CPU
		{D1B29018-C274-45BD-90EE-67DA3540D768}.Release|Any CPU.Build.0 = Release|Any CPU
	EndGlobalSection
	GlobalSection(SolutionProperties) = preSolution
		HideSolutionNode = FALSE
	EndGlobalSection
	GlobalSection(ExtensibilityGlobals) = postSolution
		SolutionGuid = {94DEA508-27AC-432D-8885-9750F8D1CE03}
	EndGlobalSection
EndGlobal
